
Microsoft Visual Studio Solution File, Format Version 12.00
# Visual Studio Version 16
VisualStudioVersion = 16.0.31624.102
MinimumVisualStudioVersion = 10.0.40219.1
Project("{FAE04EC0-301F-11D3-BF4B-00C04F79EFBC}") = "ConsoleApp1", "ConsoleApp1\ConsoleApp1.csproj", "{41B1C9D4-4E5E-4948-B195-7DBA771C8A84}"
EndProject
Global
	GlobalSection(SolutionConfigurationPlatforms) = preSolution
		Debug|Any CPU = Debug|Any CPU
		Release|Any CPU = Release|Any CPU
	EndGlobalSection
	GlobalSection(ProjectConfigurationPlatforms) = postSolution
		{41B1C9D4-4E5E-4948-B195-7DBA771C8A84}.Debug|Any CPU.ActiveCfg = Debug|Any CPU
		{41B1C9D4-4E5E-4948-B195-7DBA771C8A84}.Debug|Any CPU.Build.0 = Debug|Any CPU
		{41B1C9D4-4E5E-4948-B195-7DBA771C8A84}.Release|Any CPU.ActiveCfg = Release|Any CPU
		{41B1C9D4-4E5E-4948-B195-7DBA771C8A84}.Release|Any CPU.Build.0 = Release|Any CPU
	EndGlobalSection
	GlobalSection(SolutionProperties) = preSolution
		HideSolutionNode = FALSE
	EndGlobalSection
	GlobalSection(ExtensibilityGlobals) = postSolution
		SolutionGuid = {6CA1A587-99E3-45AE-9E8F-52669752D134}
	EndGlobalSection
EndGlobal
